{
  "name": "note",
  "version": "1.0.0",
  "lockfileVersion": 1,
  "dependencies": {
    "ansi-regex": {
      "version": "2.1.1",
      "resolved": "https://registry.npmjs.org/ansi-regex/-/ansi-regex-2.1.1.tgz",
      "integrity": "sha1-w7M6te42DYbg5ijwRorn7yfWVN8=",
      "dev": true
    },
    "aproba": {
      "version": "1.2.0",
      "resolved": "https://registry.npmjs.org/aproba/-/aproba-1.2.0.tgz",
      "integrity": "sha512-Y9J6ZjXtoYh8RnXVCMOU/ttDmk1aBjunq9vO0ta5x85WDQiQfUF9sIPBITdbiiIVcBo03Hi3jMxigBtsddlXRw==",
      "dev": true
    },
    "are-we-there-yet": {
      "version": "1.1.5",
      "resolved": "https://registry.npmjs.org/are-we-there-yet/-/are-we-there-yet-1.1.5.tgz",
      "integrity": "sha512-5hYdAkZlcG8tOLujVDTgCT+uPX0VnpAH28gWsLfzpXYm7wP6mp5Q/gYyR7YQ0cKVJcXJnl3j2kpBan13PtQf6w==",
      "dev": true
    },
    "balanced-match": {
      "version": "1.0.0",
      "resolved": "https://registry.npmjs.org/balanced-match/-/balanced-match-1.0.0.tgz",
      "integrity": "sha1-ibTRmasr7kneFk6gK4nORi1xt2c=",
      "dev": true
    },
    "bash-color": {
      "version": "0.0.3",
      "resolved": "https://registry.npmjs.org/bash-color/-/bash-color-0.0.3.tgz",
      "integrity": "sha1-DAiSHsATk6tW6kRPCCXlSTyg5qI=",
      "dev": true
    },
    "boolbase": {
      "version": "1.0.0",
      "resolved": "https://registry.npmjs.org/boolbase/-/boolbase-1.0.0.tgz",
      "integrity": "sha1-aN/1++YMUes3cl6p4+0xDcwed24=",
      "dev": true
    },
    "brace-expansion": {
      "version": "1.1.11",
      "resolved": "https://registry.npmjs.org/brace-expansion/-/brace-expansion-1.1.11.tgz",
      "integrity": "sha512-iCuPHDFgrHX7H2vEI/5xpz07zSHB00TpugqhmYtVmMO6518mCuRMoOYFldEBl0g187ufozdaHgWKcYFb61qGiA==",
      "dev": true
    },
    "cheerio": {
      "version": "0.19.0",
      "resolved": "https://registry.npmjs.org/cheerio/-/cheerio-0.19.0.tgz",
      "integrity": "sha1-dy5wFfLuKZZQltcepBdbdas1SSU=",
      "dev": true
    },
    "code-point-at": {
      "version": "1.1.0",
      "resolved": "https://registry.npmjs.org/code-point-at/-/code-point-at-1.1.0.tgz",
      "integrity": "sha1-DQcLTQQ6W+ozovGkDi7bPZpMz3c=",
      "dev": true
    },
    "commander": {
      "version": "2.8.1",
      "resolved": "http://registry.npmjs.org/commander/-/commander-2.8.1.tgz",
      "integrity": "sha1-Br42f+v9oMMwqh4qBy09yXYkJdQ=",
      "dev": true
    },
    "concat-map": {
      "version": "0.0.1",
      "resolved": "https://registry.npmjs.org/concat-map/-/concat-map-0.0.1.tgz",
      "integrity": "sha1-2Klr13/Wjfd5OnMDajug1UBdR3s=",
      "dev": true
    },
    "console-control-strings": {
      "version": "1.1.0",
      "resolved": "https://registry.npmjs.org/console-control-strings/-/console-control-strings-1.1.0.tgz",
      "integrity": "sha1-PXz0Rk22RG6mRL9LOVB/mFEAjo4=",
      "dev": true
    },
    "core-util-is": {
      "version": "1.0.2",
      "resolved": "https://registry.npmjs.org/core-util-is/-/core-util-is-1.0.2.tgz",
      "integrity": "sha1-tf1UIgqivFq1eqtxQMlAdUUDwac=",
      "dev": true
    },
    "css-select": {
      "version": "1.0.0",
      "resolved": "https://registry.npmjs.org/css-select/-/css-select-1.0.0.tgz",
      "integrity": "sha1-sRIcpRhI3SZOIkTQWM7iVN7rRLA=",
      "dev": true
    },
    "css-what": {
      "version": "1.0.0",
      "resolved": "https://registry.npmjs.org/css-what/-/css-what-1.0.0.tgz",
      "integrity": "sha1-18wt9FGAZm+Z0rFEYmOUaeAPc2w=",
      "dev": true
    },
    "delegates": {
      "version": "1.0.0",
      "resolved": "https://registry.npmjs.org/delegates/-/delegates-1.0.0.tgz",
      "integrity": "sha1-hMbhWbgZBP3KWaDvRM2HDTElD5o=",
      "dev": true
    },
    "dom-serializer": {
      "version": "0.1.0",
      "resolved": "https://registry.npmjs.org/dom-serializer/-/dom-serializer-0.1.0.tgz",
      "integrity": "sha1-BzxpdUbOB4DOI75KKOKT5AvDDII=",
      "dev": true,
      "dependencies": {
        "domelementtype": {
          "version": "1.1.3",
          "resolved": "https://registry.npmjs.org/domelementtype/-/domelementtype-1.1.3.tgz",
          "integrity": "sha1-vSh3PiZCiBrsUVRJJCmcXNgiGFs=",
          "dev": true
        }
      }
    },
    "domelementtype": {
      "version": "1.3.0",
      "resolved": "https://registry.npmjs.org/domelementtype/-/domelementtype-1.3.0.tgz",
      "integrity": "sha1-sXrtguirWeUt2cGbF1bg/BhyBMI=",
      "dev": true
    },
    "domhandler": {
      "version": "2.3.0",
      "resolved": "https://registry.npmjs.org/domhandler/-/domhandler-2.3.0.tgz",
      "integrity": "sha1-LeWaCCLVAn+r/28DLCsloqir5zg=",
      "dev": true
    },
    "domutils": {
      "version": "1.4.3",
      "resolved": "https://registry.npmjs.org/domutils/-/domutils-1.4.3.tgz",
      "integrity": "sha1-CGVRN5bGswYDGFDhdVFrr4C3Km8=",
      "dev": true
    },
    "entities": {
      "version": "1.1.1",
      "resolved": "https://registry.npmjs.org/entities/-/entities-1.1.1.tgz",
      "integrity": "sha1-blwtClYhtdra7O+AuQ7ftc13cvA=",
      "dev": true
    },
    "fs-extra": {
      "version": "0.24.0",
      "resolved": "https://registry.npmjs.org/fs-extra/-/fs-extra-0.24.0.tgz",
      "integrity": "sha1-1OQ0KpZnXLeEZjOmCZJJMytTmVI=",
      "dev": true
    },
    "fs.realpath": {
      "version": "1.0.0",
      "resolved": "https://registry.npmjs.org/fs.realpath/-/fs.realpath-1.0.0.tgz",
      "integrity": "sha1-FQStJSMVjKpA20onh8sBQRmU6k8=",
      "dev": true
    },
    "gauge": {
      "version": "2.7.4",
      "resolved": "https://registry.npmjs.org/gauge/-/gauge-2.7.4.tgz",
      "integrity": "sha1-LANAXHU4w51+s3sxcCLjJfsBi/c=",
      "dev": true
    },
    "gitbook-cli": {
      "version": "0.3.6",
      "resolved": "http://registry.npmjs.org/gitbook-cli/-/gitbook-cli-0.3.6.tgz",
      "integrity": "sha1-7T5PZXwUrj4HeAMWjM3Cz33/eJs=",
      "dev": true
    },
    "gitbook-plugin-edit-link": {
      "version": "1.4.2",
      "resolved": "https://registry.npmjs.org/gitbook-plugin-edit-link/-/gitbook-plugin-edit-link-1.4.2.tgz",
      "integrity": "sha1-cQWmAok2xlWWMFKv54MaK6YZ7zk=",
      "dev": true
    },
    "gitbook-plugin-prism": {
      "version": "0.1.1",
      "resolved": "https://registry.npmjs.org/gitbook-plugin-prism/-/gitbook-plugin-prism-0.1.1.tgz",
      "integrity": "sha1-KuSiZTt2Bh+AJ/ZU0wzdgpODyZA=",
      "dev": true
    },
    "glob": {
      "version": "7.1.3",
      "resolved": "https://registry.npmjs.org/glob/-/glob-7.1.3.tgz",
      "integrity": "sha512-vcfuiIxogLV4DlGBHIUOwI0IbrJ8HWPc4MU7HzviGeNho/UJDfi6B5p3sHeWIQ0KGIU0Jpxi5ZHxemQfLkkAwQ==",
      "dev": true
    },
    "graceful-fs": {
      "version": "4.1.11",
      "resolved": "https://registry.npmjs.org/graceful-fs/-/graceful-fs-4.1.11.tgz",
      "integrity": "sha1-Dovf5NHduIVNZOBOp8AOKgJuVlg=",
      "dev": true
    },
    "graceful-readlink": {
      "version": "1.0.1",
      "resolved": "https://registry.npmjs.org/graceful-readlink/-/graceful-readlink-1.0.1.tgz",
      "integrity": "sha1-TK+tdrxi8C+gObL5Tpo906ORpyU=",
      "dev": true
    },
    "has-unicode": {
      "version": "2.0.1",
      "resolved": "https://registry.npmjs.org/has-unicode/-/has-unicode-2.0.1.tgz",
      "integrity": "sha1-4Ob+aijPUROIVeCG0Wkedx3iqLk=",
      "dev": true
    },
    "htmlparser2": {
      "version": "3.8.3",
      "resolved": "https://registry.npmjs.org/htmlparser2/-/htmlparser2-3.8.3.tgz",
      "integrity": "sha1-mWwosZFRaovoZQGn15dX5ccMEGg=",
      "dev": true,
      "dependencies": {
        "domutils": {
          "version": "1.5.1",
          "resolved": "https://registry.npmjs.org/domutils/-/domutils-1.5.1.tgz",
          "integrity": "sha1-3NhIiib1Y9YQeeSMn3t+Mjc2gs8=",
          "dev": true
        },
        "entities": {
          "version": "1.0.0",
          "resolved": "https://registry.npmjs.org/entities/-/entities-1.0.0.tgz",
          "integrity": "sha1-sph6o4ITR/zeZCsk/fyeT7cSvyY=",
          "dev": true
        },
        "isarray": {
          "version": "0.0.1",
          "resolved": "https://registry.npmjs.org/isarray/-/isarray-0.0.1.tgz",
          "integrity": "sha1-ihis/Kmo9Bd+Cav8YDiTmwXR7t8=",
          "dev": true
        },
        "readable-stream": {
          "version": "1.1.14",
          "resolved": "http://registry.npmjs.org/readable-stream/-/readable-stream-1.1.14.tgz",
          "integrity": "sha1-fPTFTvZI44EwhMY23SB54WbAgdk=",
          "dev": true
        },
        "string_decoder": {
          "version": "0.10.31",
          "resolved": "https://registry.npmjs.org/string_decoder/-/string_decoder-0.10.31.tgz",
          "integrity": "sha1-YuIDvEF2bGwoyfyEMB2rHFMQ+pQ=",
          "dev": true
        }
      }
    },
    "inflight": {
      "version": "1.0.6",
      "resolved": "https://registry.npmjs.org/inflight/-/inflight-1.0.6.tgz",
      "integrity": "sha1-Sb1jMdfQLQwJvJEKEHW6gWW1bfk=",
      "dev": true
    },
    "inherits": {
      "version": "2.0.3",
      "resolved": "https://registry.npmjs.org/inherits/-/inherits-2.0.3.tgz",
      "integrity": "sha1-Yzwsg+PaQqUC9SRmAiSA9CCCYd4=",
      "dev": true
    },
    "is-fullwidth-code-point": {
      "version": "1.0.0",
      "resolved": "https://registry.npmjs.org/is-fullwidth-code-point/-/is-fullwidth-code-point-1.0.0.tgz",
      "integrity": "sha1-754xOG8DGn8NZDr4L95QxFfvAMs=",
      "dev": true
    },
    "isarray": {
      "version": "1.0.0",
      "resolved": "https://registry.npmjs.org/isarray/-/isarray-1.0.0.tgz",
      "integrity": "sha1-u5NdSFgsuhaMBoNJV6VKPgcSTxE=",
      "dev": true
    },
    "jsonfile": {
      "version": "2.4.0",
      "resolved": "http://registry.npmjs.org/jsonfile/-/jsonfile-2.4.0.tgz",
      "integrity": "sha1-NzaitCi4e72gzIO1P6PWM6NcKug=",
      "dev": true
    },
    "lodash": {
      "version": "3.10.1",
      "resolved": "http://registry.npmjs.org/lodash/-/lodash-3.10.1.tgz",
      "integrity": "sha1-W/Rejkm6QYnhfUgnid/RW9FAt7Y=",
      "dev": true
    },
    "minimatch": {
      "version": "3.0.4",
      "resolved": "https://registry.npmjs.org/minimatch/-/minimatch-3.0.4.tgz",
      "integrity": "sha512-yJHVQEhyqPLUTgt9B83PXu6W3rx4MvvHvSUvToogpwoGDOUQ+yDrR0HRot+yOCdCO7u4hX3pWft6kWBBcqh0UA==",
      "dev": true
    },
    "minimist": {
      "version": "0.0.10",
      "resolved": "http://registry.npmjs.org/minimist/-/minimist-0.0.10.tgz",
      "integrity": "sha1-3j+YVD2/lggr5IrRoMfNqDYwHc8=",
      "dev": true
    },
    "npm": {
      "version": "2.14.1",
      "resolved": "http://registry.npmjs.org/npm/-/npm-2.14.1.tgz",
      "integrity": "sha1-1gM+ep4g/RegpW72A5zdaHNKzPc=",
      "dev": true,
      "dependencies": {
        "abbrev": {
          "version": "1.0.7",
          "bundled": true,
          "dev": true
        },
        "ansi": {
          "version": "0.3.0",
          "bundled": true,
          "dev": true
        },
        "ansicolors": {
          "version": "0.3.2",
          "bundled": true,
          "dev": true
        },
        "ansistyles": {
          "version": "0.1.3",
          "bundled": true,
          "dev": true
        },
        "archy": {
          "version": "1.0.0",
          "bundled": true,
          "dev": true
        },
        "async-some": {
          "version": "1.0.2",
          "bundled": true,
          "dev": true
        },
        "block-stream": {
          "version": "0.0.8",
          "bundled": true,
          "dev": true
        },
        "char-spinner": {
          "version": "1.0.1",
          "bundled": true,
          "dev": true
        },
        "chmodr": {
          "version": "1.0.1",
          "bundled": true,
          "dev": true
        },
        "chownr": {
          "version": "1.0.1",
          "bundled": true,
          "dev": true
        },
        "cmd-shim": {
          "version": "2.0.1",
          "bundled": true,
          "dev": true,
          "dependencies": {
            "graceful-fs": {
              "version": "3.0.8",
              "bundled": true,
              "dev": true
            }
          }
        },
        "columnify": {
          "version": "1.5.2",
          "bundled": true,
          "dev": true,
          "dependencies": {
            "strip-ansi": {
              "version": "3.0.0",
              "bundled": true,
              "dev": true,
              "dependencies": {
                "ansi-regex": {
                  "version": "2.0.0",
                  "bundled": true,
                  "dev": true
                }
              }
            },
            "wcwidth": {
              "version": "1.0.0",
              "bundled": true,
              "dev": true,
              "dependencies": {
                "defaults": {
                  "version": "1.0.2",
                  "bundled": true,
                  "dev": true,
                  "dependencies": {
                    "clone": {
                      "version": "0.1.19",
                      "bundled": true,
                      "dev": true
                    }
                  }
                }
              }
            }
          }
        },
        "config-chain": {
          "version": "1.1.9",
          "bundled": true,
          "dev": true,
          "dependencies": {
            "proto-list": {
              "version": "1.2.4",
              "bundled": true,
              "dev": true
            }
          }
        },
        "dezalgo": {
          "version": "1.0.3",
          "bundled": true,
          "dev": true,
          "dependencies": {
            "asap": {
              "version": "2.0.3",
              "bundled": true,
              "dev": true
            }
          }
        },
        "editor": {
          "version": "1.0.0",
          "bundled": true,
          "dev": true
        },
        "fs-vacuum": {
          "version": "1.2.6",
          "bundled": true,
          "dev": true,
          "dependencies": {
            "graceful-fs": {
              "version": "3.0.8",
              "bundled": true,
              "dev": true
            }
          }
        },
        "fs-write-stream-atomic": {
          "version": "1.0.3",
          "bundled": true,
          "dev": true,
          "dependencies": {
            "graceful-fs": {
              "version": "3.0.8",
              "bundled": true,
              "dev": true
            }
          }
        },
        "fstream": {
          "version": "1.0.7",
          "bundled": true,
          "dev": true,
          "dependencies": {
            "graceful-fs": {
              "version": "3.0.8",
              "bundled": true,
              "dev": true
            }
          }
        },
        "fstream-npm": {
          "version": "1.0.5",
          "bundled": true,
          "dev": true,
          "dependencies": {
            "fstream-ignore": {
              "version": "1.0.2",
              "bundled": true,
              "dev": true
            }
          }
        },
        "github-url-from-git": {
          "version": "1.4.0",
          "bundled": true,
          "dev": true
        },
        "github-url-from-username-repo": {
          "version": "1.0.2",
          "bundled": true,
          "dev": true
        },
        "glob": {
          "version": "5.0.14",
          "bundled": true,
          "dev": true,
          "dependencies": {
            "path-is-absolute": {
              "version": "1.0.0",
              "bundled": true,
              "dev": true
            }
          }
        },
        "graceful-fs": {
          "version": "4.1.2",
          "bundled": true,
          "dev": true
        },
        "hosted-git-info": {
          "version": "2.1.4",
          "bundled": true,
          "dev": true
        },
        "inflight": {
          "version": "1.0.4",
          "bundled": true,
          "dev": true
        },
        "inherits": {
          "version": "2.0.1",
          "bundled": true,
          "dev": true
        },
        "ini": {
          "version": "1.3.4",
          "bundled": true,
          "dev": true
        },
        "init-package-json": {
          "version": "1.8.0",
          "bundled": true,
          "dev": true,
          "dependencies": {
            "promzard": {
              "version": "0.3.0",
              "bundled": true,
              "dev": true
            }
          }
        },
        "lockfile": {
          "version": "1.0.1",
          "bundled": true,
          "dev": true
        },
        "lru-cache": {
          "version": "2.6.5",
          "bundled": true,
          "dev": true
        },
        "minimatch": {
          "version": "2.0.10",
          "bundled": true,
          "dev": true,
          "dependencies": {
            "brace-expansion": {
              "version": "1.1.0",
              "bundled": true,
              "dev": true,
              "dependencies": {
                "balanced-match": {
                  "version": "0.2.0",
                  "bundled": true,
                  "dev": true
                },
                "concat-map": {
                  "version": "0.0.1",
                  "bundled": true,
                  "dev": true
                }
              }
            }
          }
        },
        "mkdirp": {
          "version": "0.5.1",
          "bundled": true,
          "dev": true,
          "dependencies": {
            "minimist": {
              "version": "0.0.8",
              "bundled": true,
              "dev": true
            }
          }
        },
        "node-gyp": {
          "version": "2.0.2",
          "bundled": true,
          "dev": true,
          "dependencies": {
            "glob": {
              "version": "4.5.3",
              "bundled": true,
              "dev": true,
              "dependencies": {
                "minimatch": {
                  "version": "2.0.8",
                  "bundled": true,
                  "dev": true,
                  "dependencies": {
                    "brace-expansion": {
                      "version": "1.1.0",
                      "bundled": true,
                      "dev": true,
                      "dependencies": {
                        "balanced-match": {
                          "version": "0.2.0",
                          "bundled": true,
                          "dev": true
                        },
                        "concat-map": {
                          "version": "0.0.1",
                          "bundled": true,
                          "dev": true
                        }
                      }
                    }
                  }
                }
              }
            },
            "graceful-fs": {
              "version": "3.0.8",
              "bundled": true,
              "dev": true
            },
            "minimatch": {
              "version": "1.0.0",
              "bundled": true,
              "dev": true,
              "dependencies": {
                "sigmund": {
                  "version": "1.0.1",
                  "bundled": true,
                  "dev": true
                }
              }
            },
            "path-array": {
              "version": "1.0.0",
              "bundled": true,
              "dev": true,
              "dependencies": {
                "array-index": {
                  "version": "0.1.1",
                  "bundled": true,
                  "dev": true,
                  "dependencies": {
                    "debug": {
                      "version": "2.2.0",
                      "bundled": true,
                      "dev": true,
                      "dependencies": {
                        "ms": {
                          "version": "0.7.1",
                          "bundled": true,
                          "dev": true
                        }
                      }
                    }
                  }
                }
              }
            },
            "semver": {
              "version": "4.3.6",
              "bundled": true,
              "dev": true
            },
            "tar": {
              "version": "1.0.3",
              "bundled": true,
              "dev": true
            }
          }
        },
        "nopt": {
          "version": "3.0.3",
          "bundled": true,
          "dev": true
        },
        "normalize-git-url": {
          "version": "3.0.1",
          "bundled": true,
          "dev": true
        },
        "normalize-package-data": {
          "version": "2.3.1",
          "bundled": true,
          "dev": true
        },
        "npm-cache-filename": {
          "version": "1.0.2",
          "bundled": true,
          "dev": true
        },
        "npm-install-checks": {
          "version": "1.0.6",
          "bundled": true,
          "dev": true
        },
        "npm-package-arg": {
          "version": "4.0.2",
          "bundled": true,
          "dev": true
        },
        "npm-registry-client": {
          "version": "7.0.1",
          "bundled": true,
          "dev": true,
          "dependencies": {
            "chownr": {
              "version": "1.0.1",
              "bundled": true,
              "dev": true
            },
            "concat-stream": {
              "version": "1.5.0",
              "bundled": true,
              "dev": true,
              "dependencies": {
                "readable-stream": {
                  "version": "2.0.2",
                  "bundled": true,
                  "dev": true,
                  "dependencies": {
                    "core-util-is": {
                      "version": "1.0.1",
                      "bundled": true,
                      "dev": true
                    },
                    "isarray": {
                      "version": "0.0.1",
                      "bundled": true,
                      "dev": true
                    },
                    "process-nextick-args": {
                      "version": "1.0.2",
                      "bundled": true,
                      "dev": true
                    },
                    "string_decoder": {
                      "version": "0.10.31",
                      "bundled": true,
                      "dev": true
                    },
                    "util-deprecate": {
                      "version": "1.0.1",
                      "bundled": true,
                      "dev": true
                    }
                  }
                },
                "typedarray": {
                  "version": "0.0.6",
                  "bundled": true,
                  "dev": true
                }
              }
            },
            "graceful-fs": {
              "version": "3.0.8",
              "bundled": true,
              "dev": true
            },
            "npmlog": {
              "version": "4.1.2",
              "resolved": "https://registry.npmjs.org/npmlog/-/npmlog-4.1.2.tgz",
              "integrity": "sha512-2uUqazuKlTaSI/dC8AzicUck7+IrEaOnN/e0jd3Xtt1KcGpwx30v50mL7oPyr/h9bL3E4aZccVwpwP+5W9Vjkg==",
              "dev": true
            }
          }
        },
        "npm-user-validate": {
          "version": "0.1.2",
          "bundled": true,
          "dev": true
        },
        "npmlog": {
          "version": "1.2.1",
          "bundled": true,
          "dev": true,
          "dependencies": {
            "are-we-there-yet": {
              "version": "1.0.4",
              "bundled": true,
              "dev": true,
              "dependencies": {
                "delegates": {
                  "version": "0.1.0",
                  "bundled": true,
                  "dev": true
                }
              }
            },
            "gauge": {
              "version": "1.2.0",
              "bundled": true,
              "dev": true,
              "dependencies": {
                "has-unicode": {
                  "version": "1.0.0",
                  "bundled": true,
                  "dev": true
                },
                "lodash._basetostring": {
                  "version": "3.0.0",
                  "bundled": true,
                  "dev": true
                },
                "lodash._createpadding": {
                  "version": "3.6.0",
                  "bundled": true,
                  "dev": true,
                  "dependencies": {
                    "lodash.repeat": {
                      "version": "3.0.0",
                      "bundled": true,
                      "dev": true
                    }
                  }
                },
                "lodash.pad": {
                  "version": "3.1.0",
                  "bundled": true,
                  "dev": true
                },
                "lodash.padleft": {
                  "version": "3.1.1",
                  "bundled": true,
                  "dev": true
                },
                "lodash.padright": {
                  "version": "3.1.1",
                  "bundled": true,
                  "dev": true
                }
              }
            }
          }
        },
        "once": {
          "version": "1.3.2",
          "bundled": true,
          "dev": true
        },
        "opener": {
          "version": "1.4.1",
          "bundled": true,
          "dev": true
        },
        "osenv": {
          "version": "0.1.3",
          "bundled": true,
          "dev": true,
          "dependencies": {
            "os-homedir": {
              "version": "1.0.0",
              "bundled": true,
              "dev": true
            },
            "os-tmpdir": {
              "version": "1.0.1",
              "bundled": true,
              "dev": true
            }
          }
        },
        "path-is-inside": {
          "version": "1.0.1",
          "bundled": true,
          "dev": true
        },
        "read": {
          "version": "1.0.6",
          "bundled": true,
          "dev": true,
          "dependencies": {
            "mute-stream": {
              "version": "0.0.5",
              "bundled": true,
              "dev": true
            }
          }
        },
        "read-installed": {
          "version": "4.0.2",
          "bundled": true,
          "dev": true,
          "dependencies": {
            "debuglog": {
              "version": "1.0.1",
              "bundled": true,
              "dev": true
            },
            "graceful-fs": {
              "version": "3.0.8",
              "bundled": true,
              "dev": true
            },
            "readdir-scoped-modules": {
              "version": "1.0.1",
              "bundled": true,
              "dev": true
            },
            "util-extend": {
              "version": "1.0.1",
              "bundled": true,
              "dev": true
            }
          }
        },
        "read-package-json": {
          "version": "2.0.0",
          "bundled": true,
          "dev": true,
          "dependencies": {
            "graceful-fs": {
              "version": "3.0.8",
              "bundled": true,
              "dev": true,
              "optional": true
            },
            "json-parse-helpfulerror": {
              "version": "1.0.3",
              "bundled": true,
              "dev": true,
              "dependencies": {
                "jju": {
                  "version": "1.2.0",
                  "bundled": true,
                  "dev": true
                }
              }
            }
          }
        },
        "readable-stream": {
          "version": "1.1.13",
          "bundled": true,
          "dev": true,
          "dependencies": {
            "core-util-is": {
              "version": "1.0.1",
              "bundled": true,
              "dev": true
            },
            "isarray": {
              "version": "0.0.1",
              "bundled": true,
              "dev": true
            },
            "string_decoder": {
              "version": "0.10.31",
              "bundled": true,
              "dev": true
            }
          }
        },
        "realize-package-specifier": {
          "version": "3.0.1",
          "bundled": true,
          "dev": true
        },
        "request": {
          "version": "2.61.0",
          "bundled": true,
          "dev": true,
          "dependencies": {
            "aws-sign2": {
              "version": "0.5.0",
              "bundled": true,
              "dev": true
            },
            "bl": {
              "version": "1.0.0",
              "bundled": true,
              "dev": true,
              "dependencies": {
                "readable-stream": {
                  "version": "2.0.2",
                  "bundled": true,
                  "dev": true,
                  "dependencies": {
                    "core-util-is": {
                      "version": "1.0.1",
                      "bundled": true,
                      "dev": true
                    },
                    "isarray": {
                      "version": "0.0.1",
                      "bundled": true,
                      "dev": true
                    },
                    "process-nextick-args": {
                      "version": "1.0.2",
                      "bundled": true,
                      "dev": true
                    },
                    "string_decoder": {
                      "version": "0.10.31",
                      "bundled": true,
                      "dev": true
                    },
                    "util-deprecate": {
                      "version": "1.0.1",
                      "bundled": true,
                      "dev": true
                    }
                  }
                }
              }
            },
            "caseless": {
              "version": "0.11.0",
              "bundled": true,
              "dev": true
            },
            "combined-stream": {
              "version": "1.0.5",
              "bundled": true,
              "dev": true,
              "dependencies": {
                "delayed-stream": {
                  "version": "1.0.0",
                  "bundled": true,
                  "dev": true
                }
              }
            },
            "extend": {
              "version": "3.0.0",
              "bundled": true,
              "dev": true
            },
            "forever-agent": {
              "version": "0.6.1",
              "bundled": true,
              "dev": true
            },
            "form-data": {
              "version": "1.0.0-rc3",
              "bundled": true,
              "dev": true,
              "dependencies": {
                "async": {
                  "version": "1.4.2",
                  "bundled": true,
                  "dev": true
                }
              }
            },
            "har-validator": {
              "version": "1.8.0",
              "bundled": true,
              "dev": true,
              "dependencies": {
                "bluebird": {
                  "version": "2.9.34",
                  "bundled": true,
                  "dev": true
                },
                "chalk": {
                  "version": "1.1.1",
                  "bundled": true,
                  "dev": true,
                  "dependencies": {
                    "ansi-styles": {
                      "version": "2.1.0",
                      "bundled": true,
                      "dev": true
                    },
                    "escape-string-regexp": {
                      "version": "1.0.3",
                      "bundled": true,
                      "dev": true
                    },
                    "has-ansi": {
                      "version": "2.0.0",
                      "bundled": true,
                      "dev": true,
                      "dependencies": {
                        "ansi-regex": {
                          "version": "2.0.0",
                          "bundled": true,
                          "dev": true
                        }
                      }
                    },
                    "strip-ansi": {
                      "version": "3.0.0",
                      "bundled": true,
                      "dev": true,
                      "dependencies": {
                        "ansi-regex": {
                          "version": "2.0.0",
                          "bundled": true,
                          "dev": true
                        }
                      }
                    },
                    "supports-color": {
                      "version": "2.0.0",
                      "bundled": true,
                      "dev": true
                    }
                  }
                },
                "commander": {
                  "version": "2.8.1",
                  "bundled": true,
                  "dev": true,
                  "dependencies": {
                    "graceful-readlink": {
                      "version": "1.0.1",
                      "bundled": true,
                      "dev": true
                    }
                  }
                },
                "is-my-json-valid": {
                  "version": "2.12.1",
                  "bundled": true,
                  "dev": true,
                  "dependencies": {
                    "generate-function": {
                      "version": "2.0.0",
                      "bundled": true,
                      "dev": true
                    },
                    "generate-object-property": {
                      "version": "1.2.0",
                      "bundled": true,
                      "dev": true,
                      "dependencies": {
                        "is-property": {
                          "version": "1.0.2",
                          "bundled": true,
                          "dev": true
                        }
                      }
                    },
                    "jsonpointer": {
                      "version": "1.1.0",
                      "bundled": true,
                      "dev": true
                    },
                    "xtend": {
                      "version": "4.0.0",
                      "bundled": true,
                      "dev": true
                    }
                  }
                }
              }
            },
            "hawk": {
              "version": "3.1.0",
              "bundled": true,
              "dev": true,
              "dependencies": {
                "boom": {
                  "version": "2.8.0",
                  "bundled": true,
                  "dev": true
                },
                "cryptiles": {
                  "version": "2.0.4",
                  "bundled": true,
                  "dev": true
                },
                "hoek": {
                  "version": "2.14.0",
                  "bundled": true,
                  "dev": true
                },
                "sntp": {
                  "version": "1.0.9",
                  "bundled": true,
                  "dev": true
                }
              }
            },
            "http-signature": {
              "version": "0.11.0",
              "bundled": true,
              "dev": true,
              "dependencies": {
                "asn1": {
                  "version": "0.1.11",
                  "bundled": true,
                  "dev": true
                },
                "assert-plus": {
                  "version": "0.1.5",
                  "bundled": true,
                  "dev": true
                },
                "ctype": {
                  "version": "0.5.3",
                  "bundled": true,
                  "dev": true
                }
              }
            },
            "isstream": {
              "version": "0.1.2",
              "bundled": true,
              "dev": true
            },
            "json-stringify-safe": {
              "version": "5.0.1",
              "bundled": true,
              "dev": true
            },
            "mime-types": {
              "version": "2.1.5",
              "bundled": true,
              "dev": true,
              "dependencies": {
                "mime-db": {
                  "version": "1.17.0",
                  "bundled": true,
                  "dev": true
                }
              }
            },
            "node-uuid": {
              "version": "1.4.3",
              "bundled": true,
              "dev": true
            },
            "oauth-sign": {
              "version": "0.8.0",
              "bundled": true,
              "dev": true
            },
            "qs": {
              "version": "4.0.0",
              "bundled": true,
              "dev": true
            },
            "stringstream": {
              "version": "0.0.4",
              "bundled": true,
              "dev": true
            },
            "tough-cookie": {
              "version": "2.0.0",
              "bundled": true,
              "dev": true
            },
            "tunnel-agent": {
              "version": "0.4.1",
              "bundled": true,
              "dev": true
            }
          }
        },
        "retry": {
          "version": "0.6.1",
          "bundled": true,
          "dev": true
        },
        "rimraf": {
          "version": "2.4.2",
          "bundled": true,
          "dev": true
        },
        "semver": {
          "version": "5.0.1",
          "bundled": true,
          "dev": true
        },
        "sha": {
          "version": "1.3.0",
          "bundled": true,
          "dev": true,
          "dependencies": {
            "graceful-fs": {
              "version": "3.0.8",
              "bundled": true,
              "dev": true,
              "optional": true
            }
          }
        },
        "slide": {
          "version": "1.1.6",
          "bundled": true,
          "dev": true
        },
        "sorted-object": {
          "version": "1.0.0",
          "bundled": true,
          "dev": true
        },
        "spdx": {
          "version": "0.4.1",
          "bundled": true,
          "dev": true,
          "dependencies": {
            "spdx-license-ids": {
              "version": "1.0.1",
              "bundled": true,
              "dev": true
            }
          }
        },
        "tar": {
          "version": "2.1.1",
          "bundled": true,
          "dev": true
        },
        "text-table": {
          "version": "0.2.0",
          "bundled": true,
          "dev": true
        },
        "uid-number": {
          "version": "0.0.6",
          "bundled": true,
          "dev": true
        },
        "umask": {
          "version": "1.1.0",
          "bundled": true,
          "dev": true
        },
        "validate-npm-package-license": {
          "version": "2.0.0",
          "bundled": true,
          "dev": true,
          "dependencies": {
            "spdx-correct": {
              "version": "1.0.0",
              "bundled": true,
              "dev": true
            }
          }
        },
        "validate-npm-package-name": {
          "version": "2.2.2",
          "bundled": true,
          "dev": true,
          "dependencies": {
            "builtins": {
              "version": "0.0.7",
              "bundled": true,
              "dev": true
            }
          }
        },
        "which": {
          "version": "1.1.1",
          "bundled": true,
          "dev": true,
          "dependencies": {
            "is-absolute": {
              "version": "0.1.7",
              "bundled": true,
              "dev": true,
              "dependencies": {
                "is-relative": {
                  "version": "0.1.3",
                  "bundled": true,
                  "dev": true
                }
              }
            }
          }
        },
        "wrappy": {
          "version": "1.0.1",
          "bundled": true,
          "dev": true
        },
        "write-file-atomic": {
          "version": "1.1.2",
          "bundled": true,
          "dev": true,
          "dependencies": {
            "graceful-fs": {
              "version": "3.0.8",
              "bundled": true,
              "dev": true
            }
          }
        }
      }
    },
    "npmi": {
      "version": "1.0.1",
      "resolved": "https://registry.npmjs.org/npmi/-/npmi-1.0.1.tgz",
      "integrity": "sha1-FddpJzVHVF5oCdzwzhiu1IsCkOI=",
      "dev": true,
      "dependencies": {
        "semver": {
          "version": "4.3.6",
          "resolved": "https://registry.npmjs.org/semver/-/semver-4.3.6.tgz",
          "integrity": "sha1-MAvG4OhjdPe6YQaLWx7NV/xlMto=",
          "dev": true
        }
      }
    },
    "nth-check": {
      "version": "1.0.1",
      "resolved": "https://registry.npmjs.org/nth-check/-/nth-check-1.0.1.tgz",
      "integrity": "sha1-mSms32KPwsQQmN6rgqxYDPFJquQ=",
      "dev": true
    },
    "number-is-nan": {
      "version": "1.0.1",
      "resolved": "https://registry.npmjs.org/number-is-nan/-/number-is-nan-1.0.1.tgz",
      "integrity": "sha1-CXtgK1NCKlIsGvuHkDGDNpQaAR0=",
      "dev": true
    },
    "object-assign": {
      "version": "4.1.1",
      "resolved": "https://registry.npmjs.org/object-assign/-/object-assign-4.1.1.tgz",
      "integrity": "sha1-IQmtx5ZYh8/AXLvUQsrIv7s2CGM=",
      "dev": true
    },
    "once": {
      "version": "1.4.0",
      "resolved": "https://registry.npmjs.org/once/-/once-1.4.0.tgz",
      "integrity": "sha1-WDsap3WWHUsROsF9nFC6753Xa9E=",
      "dev": true
    },
    "optimist": {
      "version": "0.6.1",
      "resolved": "https://registry.npmjs.org/optimist/-/optimist-0.6.1.tgz",
      "integrity": "sha1-2j6nRob6IaGaERwybpDrFaAZZoY=",
      "dev": true
    },
    "os-homedir": {
      "version": "1.0.2",
      "resolved": "https://registry.npmjs.org/os-homedir/-/os-homedir-1.0.2.tgz",
      "integrity": "sha1-/7xJiDNuDoM94MFox+8VISGqf7M=",
      "dev": true
    },
    "os-tmpdir": {
      "version": "1.0.2",
      "resolved": "https://registry.npmjs.org/os-tmpdir/-/os-tmpdir-1.0.2.tgz",
      "integrity": "sha1-u+Z0BseaqFxc/sdm/lc0VV36EnQ=",
      "dev": true
    },
    "path-is-absolute": {
      "version": "1.0.1",
      "resolved": "https://registry.npmjs.org/path-is-absolute/-/path-is-absolute-1.0.1.tgz",
      "integrity": "sha1-F0uSaHNVNP+8es5r9TpanhtcX18=",
      "dev": true
    },
    "prismjs": {
      "version": "0.0.1",
      "resolved": "https://registry.npmjs.org/prismjs/-/prismjs-0.0.1.tgz",
      "integrity": "sha1-D9UPS68m5c0zUjtlusLwvJD1UD8=",
      "dev": true
    },
    "process-nextick-args": {
      "version": "2.0.0",
      "resolved": "https://registry.npmjs.org/process-nextick-args/-/process-nextick-args-2.0.0.tgz",
      "integrity": "sha512-MtEC1TqN0EU5nephaJ4rAtThHtC86dNN9qCuEhtshvpVBkAW5ZO7BASN9REnF9eoXGcRub+pFuKEpOHE+HbEMw==",
      "dev": true
    },
    "q": {
      "version": "1.4.1",
      "resolved": "https://registry.npmjs.org/q/-/q-1.4.1.tgz",
      "integrity": "sha1-VXBbzZPF82c1MMLCy8DCs63cKG4=",
      "dev": true
    },
    "readable-stream": {
      "version": "2.3.6",
      "resolved": "http://registry.npmjs.org/readable-stream/-/readable-stream-2.3.6.tgz",
      "integrity": "sha512-tQtKA9WIAhBF3+VLAseyMqZeBjW0AHJoxOtYqSUZNJxauErmLbVm2FW1y+J/YA9dUrAC39ITejlZWhVIwawkKw==",
      "dev": true
    },
    "rimraf": {
      "version": "2.6.2",
      "resolved": "https://registry.npmjs.org/rimraf/-/rimraf-2.6.2.tgz",
      "integrity": "sha512-lreewLK/BlghmxtfH36YYVg1i8IAce4TI7oao75I1g245+6BctqTVQiBP3YUJ9C6DQOXJmkYR9X9fCLtCOJc5w==",
      "dev": true
    },
    "safe-buffer": {
      "version": "5.1.2",
      "resolved": "https://registry.npmjs.org/safe-buffer/-/safe-buffer-5.1.2.tgz",
      "integrity": "sha512-Gd2UZBJDkXlY7GbJxfsE8/nvKkUEU1G38c1siN6QP6a9PT9MmHB8GnpscSmMJSoF8LOIrt8ud/wPtojys4G6+g==",
      "dev": true
    },
    "semver": {
      "version": "5.0.1",
      "resolved": "https://registry.npmjs.org/semver/-/semver-5.0.1.tgz",
      "integrity": "sha1-n7P0AE+QDYPEeWj+QvdYPgWDLMk=",
      "dev": true
    },
    "set-blocking": {
      "version": "2.0.0",
      "resolved": "https://registry.npmjs.org/set-blocking/-/set-blocking-2.0.0.tgz",
      "integrity": "sha1-BF+XgtARrppoA93TgrJDkrPYkPc=",
      "dev": true
    },
    "signal-exit": {
      "version": "3.0.2",
      "resolved": "https://registry.npmjs.org/signal-exit/-/signal-exit-3.0.2.tgz",
      "integrity": "sha1-tf3AjxKH6hF4Yo5BXiUTK3NkbG0=",
      "dev": true
    },
    "string_decoder": {
      "version": "1.1.1",
      "resolved": "https://registry.npmjs.org/string_decoder/-/string_decoder-1.1.1.tgz",
      "integrity": "sha512-n/ShnvDi6FHbbVfviro+WojiFzv+s8MPMHBczVePfUpDJLwoLT0ht1l4YwBCbi8pJAveEEdnkHyPyTP/mzRfwg==",
      "dev": true
    },
    "string-width": {
      "version": "1.0.2",
      "resolved": "https://registry.npmjs.org/string-width/-/string-width-1.0.2.tgz",
      "integrity": "sha1-EYvfW4zcUaKn5w0hHgfisLmxB9M=",
      "dev": true
    },
    "strip-ansi": {
      "version": "3.0.1",
      "resolved": "https://registry.npmjs.org/strip-ansi/-/strip-ansi-3.0.1.tgz",
      "integrity": "sha1-ajhfuIU9lS1f8F0Oiq+UJ43GPc8=",
      "dev": true
    },
    "tmp": {
      "version": "0.0.27",
      "resolved": "https://registry.npmjs.org/tmp/-/tmp-0.0.27.tgz",
      "integrity": "sha1-aq9CotdmQVCrUoKHBo7LwnE5oBM=",
      "dev": true
    },
    "user-home": {
      "version": "2.0.0",
      "resolved": "https://registry.npmjs.org/user-home/-/user-home-2.0.0.tgz",
      "integrity": "sha1-nHC/2Babwdy/SGBODwS4tJzenp8=",
      "dev": true
    },
    "util-deprecate": {
      "version": "1.0.2",
      "resolved": "https://registry.npmjs.org/util-deprecate/-/util-deprecate-1.0.2.tgz",
      "integrity": "sha1-RQ1Nyfpw3nMnYvvS1KKJgUGaDM8=",
      "dev": true
    },
    "wide-align": {
      "version": "1.1.3",
      "resolved": "https://registry.npmjs.org/wide-align/-/wide-align-1.1.3.tgz",
      "integrity": "sha512-QGkOQc8XL6Bt5PwnsExKBPuMKBxnGxWWW3fU55Xt4feHozMUhdUMaBCk290qpm/wG5u/RSKzwdAC4i51YigihA==",
      "dev": true
    },
    "wordwrap": {
      "version": "0.0.3",
      "resolved": "https://registry.npmjs.org/wordwrap/-/wordwrap-0.0.3.tgz",
      "integrity": "sha1-o9XabNXAvAAI03I0u68b7WMFkQc=",
      "dev": true
    },
    "wrappy": {
      "version": "1.0.2",
      "resolved": "https://registry.npmjs.org/wrappy/-/wrappy-1.0.2.tgz",
      "integrity": "sha1-tSQ9jz7BqjXxNkYFvA0QNuMKtp8=",
      "dev": true
    }
  }
}
